{
  "name": "vanila-js-demo",
  "requires": true,
  "lockfileVersion": 1,
  "dependencies": {
    "scroll-to-top-btn": {
      "version": "0.0.4",
      "resolved": "https://registry.npmjs.org/scroll-to-top-btn/-/scroll-to-top-btn-0.0.4.tgz",
      "integrity": "sha512-BjhnIsOOYWXVAv/nxzw/FnIe/K0+nld/KgoV1NW4uvqzUqPjZUzd2s0uBv9U+WCglEeAZtYmu1AQSHZ2ZPpk2g=="
    }
  }
}
