{
  "name": "vanila-js-demo",
  "requires": true,
  "lockfileVersion": 1,
  "dependencies": {
    "scroll-to-top-btn": {
      "version": "0.0.5",
      "resolved": "https://registry.npmjs.org/scroll-to-top-btn/-/scroll-to-top-btn-0.0.5.tgz",
      "integrity": "sha512-CHvecf7kdnKzm64dX13lZWfH1EBtaZ1cvxsVWcHunwTTtLZwNvHmYnWjc55psr6ul/R0GWL+c0DbYdaZOL/yOQ=="
    }
  }
}
